// !$*UTF8*$!
{
	archiveVersion = 1;
	classes = {
	};
	objectVersion = 56;
	objects = {

/* Begin PBXBuildFile section */
		670309A12BB77A0700AF49F2 /* Realm in Frameworks */ = {isa = PBXBuildFile; productRef = 670309A02BB77A0700AF49F2 /* Realm */; };
		670309A32BB77A0700AF49F2 /* RealmSwift in Frameworks */ = {isa = PBXBuildFile; productRef = 670309A22BB77A0700AF49F2 /* RealmSwift */; };
		6755185C2BB99DC10089D0CE /* MZTableView.swift in Sources */ = {isa = PBXBuildFile; fileRef = 6755185B2BB99DC10089D0CE /* MZTableView.swift */; };
		675518642BB9B0C80089D0CE /* MZMessageCell.swift in Sources */ = {isa = PBXBuildFile; fileRef = 675518632BB9B0C80089D0CE /* MZMessageCell.swift */; };
		675518662BB9B6970089D0CE /* MZMessageLabel.swift in Sources */ = {isa = PBXBuildFile; fileRef = 675518652BB9B6970089D0CE /* MZMessageLabel.swift */; };
		675518692BB9E3090089D0CE /* MZAlertContainerView.swift in Sources */ = {isa = PBXBuildFile; fileRef = 675518682BB9E3090089D0CE /* MZAlertContainerView.swift */; };
		6755186D2BBAE5D60089D0CE /* MZInputAccessoryView.swift in Sources */ = {isa = PBXBuildFile; fileRef = 6755186C2BBAE5D60089D0CE /* MZInputAccessoryView.swift */; };
		675518722BBB0CF20089D0CE /* Constants.swift in Sources */ = {isa = PBXBuildFile; fileRef = 675518712BBB0CF20089D0CE /* Constants.swift */; };
		6755187D2BBD786A0089D0CE /* InputBarAccessoryView in Frameworks */ = {isa = PBXBuildFile; productRef = 6755187C2BBD786A0089D0CE /* InputBarAccessoryView */; };
		675518812BBDE2AE0089D0CE /* UIViewController+Ext.swift in Sources */ = {isa = PBXBuildFile; fileRef = 675518802BBDE2AE0089D0CE /* UIViewController+Ext.swift */; };
		675518842BBECFE70089D0CE /* CollectionHeaderView.swift in Sources */ = {isa = PBXBuildFile; fileRef = 675518832BBECFE70089D0CE /* CollectionHeaderView.swift */; };
		6755188A2BBEF5480089D0CE /* CollectionView+Ext.swift in Sources */ = {isa = PBXBuildFile; fileRef = 675518892BBEF5480089D0CE /* CollectionView+Ext.swift */; };
		6755188C2BC042700089D0CE /* MZCollectionView.swift in Sources */ = {isa = PBXBuildFile; fileRef = 6755188B2BC042700089D0CE /* MZCollectionView.swift */; };
		6755188E2BC059130089D0CE /* String+Ext.swift in Sources */ = {isa = PBXBuildFile; fileRef = 6755188D2BC059130089D0CE /* String+Ext.swift */; };
		675518902BC059BA0089D0CE /* Date+Ext.swift in Sources */ = {isa = PBXBuildFile; fileRef = 6755188F2BC059BA0089D0CE /* Date+Ext.swift */; };
		675518942BC05BDF0089D0CE /* ChatVC+Ext.swift in Sources */ = {isa = PBXBuildFile; fileRef = 675518932BC05BDF0089D0CE /* ChatVC+Ext.swift */; };
		675518962BC1E0940089D0CE /* MZMessageBubbleView.swift in Sources */ = {isa = PBXBuildFile; fileRef = 675518952BC1E0940089D0CE /* MZMessageBubbleView.swift */; };
		675518982BC1E4A60089D0CE /* MZMessageAnimationLabel.swift in Sources */ = {isa = PBXBuildFile; fileRef = 675518972BC1E4A60089D0CE /* MZMessageAnimationLabel.swift */; };
		6755189C2BC1FDA90089D0CE /* MZTextField.swift in Sources */ = {isa = PBXBuildFile; fileRef = 6755189B2BC1FDA90089D0CE /* MZTextField.swift */; };
		6755189F2BC2062C0089D0CE /* MZDataLoadingVC.swift in Sources */ = {isa = PBXBuildFile; fileRef = 6755189E2BC2062C0089D0CE /* MZDataLoadingVC.swift */; };
		675518A22BC2083C0089D0CE /* MZEmptyStateView.swift in Sources */ = {isa = PBXBuildFile; fileRef = 675518A12BC2083C0089D0CE /* MZEmptyStateView.swift */; };
		675518AA2BC2F1130089D0CE /* MZError.swift in Sources */ = {isa = PBXBuildFile; fileRef = 675518A92BC2F1130089D0CE /* MZError.swift */; };
		675518AC2BC2F3630089D0CE /* MZAlertVC.swift in Sources */ = {isa = PBXBuildFile; fileRef = 675518AB2BC2F3630089D0CE /* MZAlertVC.swift */; };
		675518AE2BC2F4D30089D0CE /* MZBodyLabel.swift in Sources */ = {isa = PBXBuildFile; fileRef = 675518AD2BC2F4D30089D0CE /* MZBodyLabel.swift */; };
		675518B02BC2F5C80089D0CE /* UIView+Ext.swift in Sources */ = {isa = PBXBuildFile; fileRef = 675518AF2BC2F5C80089D0CE /* UIView+Ext.swift */; };
		67CD16CE2BB3333C0079E732 /* AppDelegate.swift in Sources */ = {isa = PBXBuildFile; fileRef = 67CD16CD2BB3333C0079E732 /* AppDelegate.swift */; };
		67CD16D02BB3333C0079E732 /* SceneDelegate.swift in Sources */ = {isa = PBXBuildFile; fileRef = 67CD16CF2BB3333C0079E732 /* SceneDelegate.swift */; };
		67CD16D22BB3333C0079E732 /* MuzzChatVC.swift in Sources */ = {isa = PBXBuildFile; fileRef = 67CD16D12BB3333C0079E732 /* MuzzChatVC.swift */; };
		67CD16D72BB3333D0079E732 /* Assets.xcassets in Resources */ = {isa = PBXBuildFile; fileRef = 67CD16D62BB3333D0079E732 /* Assets.xcassets */; };
		67CD16DA2BB3333D0079E732 /* Base in Resources */ = {isa = PBXBuildFile; fileRef = 67CD16D92BB3333D0079E732 /* Base */; };
		67CD16E52BB3333D0079E732 /* MuzzAppTests.swift in Sources */ = {isa = PBXBuildFile; fileRef = 67CD16E42BB3333D0079E732 /* MuzzAppTests.swift */; };
		67CD16EF2BB3333D0079E732 /* MuzzAppUITests.swift in Sources */ = {isa = PBXBuildFile; fileRef = 67CD16EE2BB3333D0079E732 /* MuzzAppUITests.swift */; };
		67CD16F12BB3333D0079E732 /* MuzzAppUITestsLaunchTests.swift in Sources */ = {isa = PBXBuildFile; fileRef = 67CD16F02BB3333D0079E732 /* MuzzAppUITestsLaunchTests.swift */; };
		67CD17062BB344A60079E732 /* MZTitleLabel.swift in Sources */ = {isa = PBXBuildFile; fileRef = 67CD17052BB344A60079E732 /* MZTitleLabel.swift */; };
		67CD170E2BB36EB90079E732 /* MZButton.swift in Sources */ = {isa = PBXBuildFile; fileRef = 67CD170D2BB36EB90079E732 /* MZButton.swift */; };
		67CD17162BB4A4B30079E732 /* RealmDBManager.swift in Sources */ = {isa = PBXBuildFile; fileRef = 67CD17152BB4A4B30079E732 /* RealmDBManager.swift */; };
		67CD17182BB4A64C0079E732 /* ChatListVC.swift in Sources */ = {isa = PBXBuildFile; fileRef = 67CD17172BB4A64C0079E732 /* ChatListVC.swift */; };
		67CD171A2BB6FC820079E732 /* ChatMessage.swift in Sources */ = {isa = PBXBuildFile; fileRef = 67CD17192BB6FC820079E732 /* ChatMessage.swift */; };
		67CD171C2BB700EC0079E732 /* ChatVC.swift in Sources */ = {isa = PBXBuildFile; fileRef = 67CD171B2BB700EC0079E732 /* ChatVC.swift */; };
/* End PBXBuildFile section */

/* Begin PBXContainerItemProxy section */
		67CD16E12BB3333D0079E732 /* PBXContainerItemProxy */ = {
			isa = PBXContainerItemProxy;
			containerPortal = 67CD16C22BB3333C0079E732 /* Project object */;
			proxyType = 1;
			remoteGlobalIDString = 67CD16C92BB3333C0079E732;
			remoteInfo = MuzzApp;
		};
		67CD16EB2BB3333D0079E732 /* PBXContainerItemProxy */ = {
			isa = PBXContainerItemProxy;
			containerPortal = 67CD16C22BB3333C0079E732 /* Project object */;
			proxyType = 1;
			remoteGlobalIDString = 67CD16C92BB3333C0079E732;
			remoteInfo = MuzzApp;
		};
/* End PBXContainerItemProxy section */

/* Begin PBXFileReference section */
		6755185B2BB99DC10089D0CE /* MZTableView.swift */ = {isa = PBXFileReference; lastKnownFileType = sourcecode.swift; path = MZTableView.swift; sourceTree = "<group>"; };
		675518632BB9B0C80089D0CE /* MZMessageCell.swift */ = {isa = PBXFileReference; lastKnownFileType = sourcecode.swift; path = MZMessageCell.swift; sourceTree = "<group>"; };
		675518652BB9B6970089D0CE /* MZMessageLabel.swift */ = {isa = PBXFileReference; lastKnownFileType = sourcecode.swift; path = MZMessageLabel.swift; sourceTree = "<group>"; };
		675518682BB9E3090089D0CE /* MZAlertContainerView.swift */ = {isa = PBXFileReference; lastKnownFileType = sourcecode.swift; path = MZAlertContainerView.swift; sourceTree = "<group>"; };
		6755186C2BBAE5D60089D0CE /* MZInputAccessoryView.swift */ = {isa = PBXFileReference; lastKnownFileType = sourcecode.swift; path = MZInputAccessoryView.swift; sourceTree = "<group>"; };
		675518712BBB0CF20089D0CE /* Constants.swift */ = {isa = PBXFileReference; lastKnownFileType = sourcecode.swift; path = Constants.swift; sourceTree = "<group>"; };
		675518802BBDE2AE0089D0CE /* UIViewController+Ext.swift */ = {isa = PBXFileReference; lastKnownFileType = sourcecode.swift; path = "UIViewController+Ext.swift"; sourceTree = "<group>"; };
		675518832BBECFE70089D0CE /* CollectionHeaderView.swift */ = {isa = PBXFileReference; lastKnownFileType = sourcecode.swift; path = CollectionHeaderView.swift; sourceTree = "<group>"; };
		675518892BBEF5480089D0CE /* CollectionView+Ext.swift */ = {isa = PBXFileReference; lastKnownFileType = sourcecode.swift; path = "CollectionView+Ext.swift"; sourceTree = "<group>"; };
		6755188B2BC042700089D0CE /* MZCollectionView.swift */ = {isa = PBXFileReference; lastKnownFileType = sourcecode.swift; path = MZCollectionView.swift; sourceTree = "<group>"; };
		6755188D2BC059130089D0CE /* String+Ext.swift */ = {isa = PBXFileReference; lastKnownFileType = sourcecode.swift; path = "String+Ext.swift"; sourceTree = "<group>"; };
		6755188F2BC059BA0089D0CE /* Date+Ext.swift */ = {isa = PBXFileReference; lastKnownFileType = sourcecode.swift; path = "Date+Ext.swift"; sourceTree = "<group>"; };
		675518932BC05BDF0089D0CE /* ChatVC+Ext.swift */ = {isa = PBXFileReference; lastKnownFileType = sourcecode.swift; path = "ChatVC+Ext.swift"; sourceTree = "<group>"; };
		675518952BC1E0940089D0CE /* MZMessageBubbleView.swift */ = {isa = PBXFileReference; lastKnownFileType = sourcecode.swift; path = MZMessageBubbleView.swift; sourceTree = "<group>"; };
		675518972BC1E4A60089D0CE /* MZMessageAnimationLabel.swift */ = {isa = PBXFileReference; lastKnownFileType = sourcecode.swift; path = MZMessageAnimationLabel.swift; sourceTree = "<group>"; };
		6755189B2BC1FDA90089D0CE /* MZTextField.swift */ = {isa = PBXFileReference; fileEncoding = 4; lastKnownFileType = sourcecode.swift; path = MZTextField.swift; sourceTree = "<group>"; };
		6755189E2BC2062C0089D0CE /* MZDataLoadingVC.swift */ = {isa = PBXFileReference; lastKnownFileType = sourcecode.swift; path = MZDataLoadingVC.swift; sourceTree = "<group>"; };
		675518A12BC2083C0089D0CE /* MZEmptyStateView.swift */ = {isa = PBXFileReference; lastKnownFileType = sourcecode.swift; path = MZEmptyStateView.swift; sourceTree = "<group>"; };
		675518A92BC2F1130089D0CE /* MZError.swift */ = {isa = PBXFileReference; lastKnownFileType = sourcecode.swift; path = MZError.swift; sourceTree = "<group>"; };
		675518AB2BC2F3630089D0CE /* MZAlertVC.swift */ = {isa = PBXFileReference; lastKnownFileType = sourcecode.swift; path = MZAlertVC.swift; sourceTree = "<group>"; };
		675518AD2BC2F4D30089D0CE /* MZBodyLabel.swift */ = {isa = PBXFileReference; lastKnownFileType = sourcecode.swift; path = MZBodyLabel.swift; sourceTree = "<group>"; };
		675518AF2BC2F5C80089D0CE /* UIView+Ext.swift */ = {isa = PBXFileReference; lastKnownFileType = sourcecode.swift; path = "UIView+Ext.swift"; sourceTree = "<group>"; };
		67CD16CA2BB3333C0079E732 /* MuzzApp.app */ = {isa = PBXFileReference; explicitFileType = wrapper.application; includeInIndex = 0; path = MuzzApp.app; sourceTree = BUILT_PRODUCTS_DIR; };
		67CD16CD2BB3333C0079E732 /* AppDelegate.swift */ = {isa = PBXFileReference; lastKnownFileType = sourcecode.swift; path = AppDelegate.swift; sourceTree = "<group>"; };
		67CD16CF2BB3333C0079E732 /* SceneDelegate.swift */ = {isa = PBXFileReference; lastKnownFileType = sourcecode.swift; path = SceneDelegate.swift; sourceTree = "<group>"; };
		67CD16D12BB3333C0079E732 /* MuzzChatVC.swift */ = {isa = PBXFileReference; lastKnownFileType = sourcecode.swift; path = MuzzChatVC.swift; sourceTree = "<group>"; };
		67CD16D62BB3333D0079E732 /* Assets.xcassets */ = {isa = PBXFileReference; lastKnownFileType = folder.assetcatalog; path = Assets.xcassets; sourceTree = "<group>"; };
		67CD16D92BB3333D0079E732 /* Base */ = {isa = PBXFileReference; lastKnownFileType = file.storyboard; name = Base; path = Base.lproj/LaunchScreen.storyboard; sourceTree = "<group>"; };
		67CD16DB2BB3333D0079E732 /* Info.plist */ = {isa = PBXFileReference; lastKnownFileType = text.plist.xml; path = Info.plist; sourceTree = "<group>"; };
		67CD16E02BB3333D0079E732 /* MuzzAppTests.xctest */ = {isa = PBXFileReference; explicitFileType = wrapper.cfbundle; includeInIndex = 0; path = MuzzAppTests.xctest; sourceTree = BUILT_PRODUCTS_DIR; };
		67CD16E42BB3333D0079E732 /* MuzzAppTests.swift */ = {isa = PBXFileReference; lastKnownFileType = sourcecode.swift; path = MuzzAppTests.swift; sourceTree = "<group>"; };
		67CD16EA2BB3333D0079E732 /* MuzzAppUITests.xctest */ = {isa = PBXFileReference; explicitFileType = wrapper.cfbundle; includeInIndex = 0; path = MuzzAppUITests.xctest; sourceTree = BUILT_PRODUCTS_DIR; };
		67CD16EE2BB3333D0079E732 /* MuzzAppUITests.swift */ = {isa = PBXFileReference; lastKnownFileType = sourcecode.swift; path = MuzzAppUITests.swift; sourceTree = "<group>"; };
		67CD16F02BB3333D0079E732 /* MuzzAppUITestsLaunchTests.swift */ = {isa = PBXFileReference; lastKnownFileType = sourcecode.swift; path = MuzzAppUITestsLaunchTests.swift; sourceTree = "<group>"; };
		67CD17052BB344A60079E732 /* MZTitleLabel.swift */ = {isa = PBXFileReference; lastKnownFileType = sourcecode.swift; path = MZTitleLabel.swift; sourceTree = "<group>"; };
		67CD170D2BB36EB90079E732 /* MZButton.swift */ = {isa = PBXFileReference; lastKnownFileType = sourcecode.swift; path = MZButton.swift; sourceTree = "<group>"; };
		67CD170F2BB377090079E732 /* MuzzApp.entitlements */ = {isa = PBXFileReference; fileEncoding = 4; lastKnownFileType = text.plist.entitlements; path = MuzzApp.entitlements; sourceTree = "<group>"; };
		67CD17152BB4A4B30079E732 /* RealmDBManager.swift */ = {isa = PBXFileReference; lastKnownFileType = sourcecode.swift; path = RealmDBManager.swift; sourceTree = "<group>"; };
		67CD17172BB4A64C0079E732 /* ChatListVC.swift */ = {isa = PBXFileReference; lastKnownFileType = sourcecode.swift; path = ChatListVC.swift; sourceTree = "<group>"; };
		67CD17192BB6FC820079E732 /* ChatMessage.swift */ = {isa = PBXFileReference; lastKnownFileType = sourcecode.swift; path = ChatMessage.swift; sourceTree = "<group>"; };
		67CD171B2BB700EC0079E732 /* ChatVC.swift */ = {isa = PBXFileReference; lastKnownFileType = sourcecode.swift; path = ChatVC.swift; sourceTree = "<group>"; };
/* End PBXFileReference section */

/* Begin PBXFrameworksBuildPhase section */
		67CD16C72BB3333C0079E732 /* Frameworks */ = {
			isa = PBXFrameworksBuildPhase;
			buildActionMask = 2147483647;
			files = (
				670309A32BB77A0700AF49F2 /* RealmSwift in Frameworks */,
				670309A12BB77A0700AF49F2 /* Realm in Frameworks */,
				6755187D2BBD786A0089D0CE /* InputBarAccessoryView in Frameworks */,
			);
			runOnlyForDeploymentPostprocessing = 0;
		};
		67CD16DD2BB3333D0079E732 /* Frameworks */ = {
			isa = PBXFrameworksBuildPhase;
			buildActionMask = 2147483647;
			files = (
			);
			runOnlyForDeploymentPostprocessing = 0;
		};
		67CD16E72BB3333D0079E732 /* Frameworks */ = {
			isa = PBXFrameworksBuildPhase;
			buildActionMask = 2147483647;
			files = (
			);
			runOnlyForDeploymentPostprocessing = 0;
		};
/* End PBXFrameworksBuildPhase section */

/* Begin PBXGroup section */
		6755185A2BB99D820089D0CE /* TableViews */ = {
			isa = PBXGroup;
			children = (
				6755185B2BB99DC10089D0CE /* MZTableView.swift */,
			);
			path = TableViews;
			sourceTree = "<group>";
		};
		675518622BB9AB930089D0CE /* Cells */ = {
			isa = PBXGroup;
			children = (
				675518632BB9B0C80089D0CE /* MZMessageCell.swift */,
			);
			path = Cells;
			sourceTree = "<group>";
		};
		675518672BB9E2EB0089D0CE /* Views */ = {
			isa = PBXGroup;
			children = (
				675518682BB9E3090089D0CE /* MZAlertContainerView.swift */,
				6755186C2BBAE5D60089D0CE /* MZInputAccessoryView.swift */,
				675518952BC1E0940089D0CE /* MZMessageBubbleView.swift */,
				675518A12BC2083C0089D0CE /* MZEmptyStateView.swift */,
			);
			path = Views;
			sourceTree = "<group>";
		};
		675518702BBB0CE20089D0CE /* Utilities */ = {
			isa = PBXGroup;
			children = (
				675518A92BC2F1130089D0CE /* MZError.swift */,
				675518712BBB0CF20089D0CE /* Constants.swift */,
			);
			path = Utilities;
			sourceTree = "<group>";
		};
		675518822BBECFC40089D0CE /* Headers */ = {
			isa = PBXGroup;
			children = (
				675518832BBECFE70089D0CE /* CollectionHeaderView.swift */,
			);
			path = Headers;
			sourceTree = "<group>";
		};
		675518912BC05BA70089D0CE /* CollectionViews */ = {
			isa = PBXGroup;
			children = (
				6755188B2BC042700089D0CE /* MZCollectionView.swift */,
			);
			path = CollectionViews;
			sourceTree = "<group>";
		};
		675518922BC05BCE0089D0CE /* Extensions */ = {
			isa = PBXGroup;
			children = (
				675518932BC05BDF0089D0CE /* ChatVC+Ext.swift */,
				675518802BBDE2AE0089D0CE /* UIViewController+Ext.swift */,
				675518892BBEF5480089D0CE /* CollectionView+Ext.swift */,
				6755188D2BC059130089D0CE /* String+Ext.swift */,
				6755188F2BC059BA0089D0CE /* Date+Ext.swift */,
				675518AF2BC2F5C80089D0CE /* UIView+Ext.swift */,
			);
			path = Extensions;
			sourceTree = "<group>";
		};
		6755189D2BC205FE0089D0CE /* ViewControllers */ = {
			isa = PBXGroup;
			children = (
				6755189E2BC2062C0089D0CE /* MZDataLoadingVC.swift */,
				675518AB2BC2F3630089D0CE /* MZAlertVC.swift */,
			);
			path = ViewControllers;
			sourceTree = "<group>";
		};
		675518A02BC207B10089D0CE /* CustomViews */ = {
			isa = PBXGroup;
			children = (
				67CD17022BB3423D0079E732 /* Managers */,
				67CD16FD2BB334E60079E732 /* Model */,
				675518822BBECFC40089D0CE /* Headers */,
				675518672BB9E2EB0089D0CE /* Views */,
				6755185A2BB99D820089D0CE /* TableViews */,
				675518912BC05BA70089D0CE /* CollectionViews */,
				675518622BB9AB930089D0CE /* Cells */,
				67CD17082BB347290079E732 /* TextFields */,
				67CD170C2BB36EA10079E732 /* Buttons */,
				67CD17072BB347120079E732 /* Labels */,
				6755189D2BC205FE0089D0CE /* ViewControllers */,
			);
			path = CustomViews;
			sourceTree = "<group>";
		};
		67CD16C12BB3333C0079E732 = {
			isa = PBXGroup;
			children = (
				67CD16CC2BB3333C0079E732 /* MuzzApp */,
				67CD16E32BB3333D0079E732 /* MuzzAppTests */,
				67CD16ED2BB3333D0079E732 /* MuzzAppUITests */,
				67CD16CB2BB3333C0079E732 /* Products */,
			);
			sourceTree = "<group>";
		};
		67CD16CB2BB3333C0079E732 /* Products */ = {
			isa = PBXGroup;
			children = (
				67CD16CA2BB3333C0079E732 /* MuzzApp.app */,
				67CD16E02BB3333D0079E732 /* MuzzAppTests.xctest */,
				67CD16EA2BB3333D0079E732 /* MuzzAppUITests.xctest */,
			);
			name = Products;
			sourceTree = "<group>";
		};
		67CD16CC2BB3333C0079E732 /* MuzzApp */ = {
			isa = PBXGroup;
			children = (
				675518A02BC207B10089D0CE /* CustomViews */,
				675518922BC05BCE0089D0CE /* Extensions */,
				675518702BBB0CE20089D0CE /* Utilities */,
				67CD170F2BB377090079E732 /* MuzzApp.entitlements */,
				67CD17032BB342500079E732 /* Screens */,
				67CD17042BB342670079E732 /* Support */,
				67CD16D62BB3333D0079E732 /* Assets.xcassets */,
				67CD16D82BB3333D0079E732 /* LaunchScreen.storyboard */,
				67CD16DB2BB3333D0079E732 /* Info.plist */,
			);
			path = MuzzApp;
			sourceTree = "<group>";
		};
		67CD16E32BB3333D0079E732 /* MuzzAppTests */ = {
			isa = PBXGroup;
			children = (
				67CD16E42BB3333D0079E732 /* MuzzAppTests.swift */,
			);
			path = MuzzAppTests;
			sourceTree = "<group>";
		};
		67CD16ED2BB3333D0079E732 /* MuzzAppUITests */ = {
			isa = PBXGroup;
			children = (
				67CD16EE2BB3333D0079E732 /* MuzzAppUITests.swift */,
				67CD16F02BB3333D0079E732 /* MuzzAppUITestsLaunchTests.swift */,
			);
			path = MuzzAppUITests;
			sourceTree = "<group>";
		};
		67CD16FD2BB334E60079E732 /* Model */ = {
			isa = PBXGroup;
			children = (
				67CD17192BB6FC820079E732 /* ChatMessage.swift */,
			);
			path = Model;
			sourceTree = "<group>";
		};
		67CD17022BB3423D0079E732 /* Managers */ = {
			isa = PBXGroup;
			children = (
				67CD17152BB4A4B30079E732 /* RealmDBManager.swift */,
			);
			path = Managers;
			sourceTree = "<group>";
		};
		67CD17032BB342500079E732 /* Screens */ = {
			isa = PBXGroup;
			children = (
				67CD16D12BB3333C0079E732 /* MuzzChatVC.swift */,
				67CD17172BB4A64C0079E732 /* ChatListVC.swift */,
				67CD171B2BB700EC0079E732 /* ChatVC.swift */,
			);
			path = Screens;
			sourceTree = "<group>";
		};
		67CD17042BB342670079E732 /* Support */ = {
			isa = PBXGroup;
			children = (
				67CD16CD2BB3333C0079E732 /* AppDelegate.swift */,
				67CD16CF2BB3333C0079E732 /* SceneDelegate.swift */,
			);
			path = Support;
			sourceTree = "<group>";
		};
		67CD17072BB347120079E732 /* Labels */ = {
			isa = PBXGroup;
			children = (
				67CD17052BB344A60079E732 /* MZTitleLabel.swift */,
				675518652BB9B6970089D0CE /* MZMessageLabel.swift */,
				675518972BC1E4A60089D0CE /* MZMessageAnimationLabel.swift */,
				675518AD2BC2F4D30089D0CE /* MZBodyLabel.swift */,
			);
			path = Labels;
			sourceTree = "<group>";
		};
		67CD17082BB347290079E732 /* TextFields */ = {
			isa = PBXGroup;
			children = (
				6755189B2BC1FDA90089D0CE /* MZTextField.swift */,
			);
			path = TextFields;
			sourceTree = "<group>";
		};
		67CD170C2BB36EA10079E732 /* Buttons */ = {
			isa = PBXGroup;
			children = (
				67CD170D2BB36EB90079E732 /* MZButton.swift */,
			);
			path = Buttons;
			sourceTree = "<group>";
		};
/* End PBXGroup section */

/* Begin PBXNativeTarget section */
		67CD16C92BB3333C0079E732 /* MuzzApp */ = {
			isa = PBXNativeTarget;
			buildConfigurationList = 67CD16F42BB3333D0079E732 /* Build configuration list for PBXNativeTarget "MuzzApp" */;
			buildPhases = (
				67CD16C62BB3333C0079E732 /* Sources */,
				67CD16C72BB3333C0079E732 /* Frameworks */,
				67CD16C82BB3333C0079E732 /* Resources */,
			);
			buildRules = (
			);
			dependencies = (
			);
			name = MuzzApp;
			packageProductDependencies = (
				670309A02BB77A0700AF49F2 /* Realm */,
				670309A22BB77A0700AF49F2 /* RealmSwift */,
				6755187C2BBD786A0089D0CE /* InputBarAccessoryView */,
			);
			productName = MuzzApp;
			productReference = 67CD16CA2BB3333C0079E732 /* MuzzApp.app */;
			productType = "com.apple.product-type.application";
		};
		67CD16DF2BB3333D0079E732 /* MuzzAppTests */ = {
			isa = PBXNativeTarget;
			buildConfigurationList = 67CD16F72BB3333D0079E732 /* Build configuration list for PBXNativeTarget "MuzzAppTests" */;
			buildPhases = (
				67CD16DC2BB3333D0079E732 /* Sources */,
				67CD16DD2BB3333D0079E732 /* Frameworks */,
				67CD16DE2BB3333D0079E732 /* Resources */,
			);
			buildRules = (
			);
			dependencies = (
				67CD16E22BB3333D0079E732 /* PBXTargetDependency */,
			);
			name = MuzzAppTests;
			productName = MuzzAppTests;
			productReference = 67CD16E02BB3333D0079E732 /* MuzzAppTests.xctest */;
			productType = "com.apple.product-type.bundle.unit-test";
		};
		67CD16E92BB3333D0079E732 /* MuzzAppUITests */ = {
			isa = PBXNativeTarget;
			buildConfigurationList = 67CD16FA2BB3333D0079E732 /* Build configuration list for PBXNativeTarget "MuzzAppUITests" */;
			buildPhases = (
				67CD16E62BB3333D0079E732 /* Sources */,
				67CD16E72BB3333D0079E732 /* Frameworks */,
				67CD16E82BB3333D0079E732 /* Resources */,
			);
			buildRules = (
			);
			dependencies = (
				67CD16EC2BB3333D0079E732 /* PBXTargetDependency */,
			);
			name = MuzzAppUITests;
			productName = MuzzAppUITests;
			productReference = 67CD16EA2BB3333D0079E732 /* MuzzAppUITests.xctest */;
			productType = "com.apple.product-type.bundle.ui-testing";
		};
/* End PBXNativeTarget section */

/* Begin PBXProject section */
		67CD16C22BB3333C0079E732 /* Project object */ = {
			isa = PBXProject;
			attributes = {
				BuildIndependentTargetsInParallel = 1;
				LastSwiftUpdateCheck = 1530;
				LastUpgradeCheck = 1530;
				TargetAttributes = {
					67CD16C92BB3333C0079E732 = {
						CreatedOnToolsVersion = 15.3;
					};
					67CD16DF2BB3333D0079E732 = {
						CreatedOnToolsVersion = 15.3;
						TestTargetID = 67CD16C92BB3333C0079E732;
					};
					67CD16E92BB3333D0079E732 = {
						CreatedOnToolsVersion = 15.3;
						TestTargetID = 67CD16C92BB3333C0079E732;
					};
				};
			};
			buildConfigurationList = 67CD16C52BB3333C0079E732 /* Build configuration list for PBXProject "MuzzApp" */;
			compatibilityVersion = "Xcode 14.0";
			developmentRegion = en;
			hasScannedForEncodings = 0;
			knownRegions = (
				en,
				Base,
			);
			mainGroup = 67CD16C12BB3333C0079E732;
			packageReferences = (
				6703099F2BB77A0700AF49F2 /* XCRemoteSwiftPackageReference "realm-swift" */,
				6755187B2BBD786A0089D0CE /* XCRemoteSwiftPackageReference "InputBarAccessoryView" */,
			);
			productRefGroup = 67CD16CB2BB3333C0079E732 /* Products */;
			projectDirPath = "";
			projectRoot = "";
			targets = (
				67CD16C92BB3333C0079E732 /* MuzzApp */,
				67CD16DF2BB3333D0079E732 /* MuzzAppTests */,
				67CD16E92BB3333D0079E732 /* MuzzAppUITests */,
			);
		};
/* End PBXProject section */

/* Begin PBXResourcesBuildPhase section */
		67CD16C82BB3333C0079E732 /* Resources */ = {
			isa = PBXResourcesBuildPhase;
			buildActionMask = 2147483647;
			files = (
				67CD16D72BB3333D0079E732 /* Assets.xcassets in Resources */,
				67CD16DA2BB3333D0079E732 /* Base in Resources */,
			);
			runOnlyForDeploymentPostprocessing = 0;
		};
		67CD16DE2BB3333D0079E732 /* Resources */ = {
			isa = PBXResourcesBuildPhase;
			buildActionMask = 2147483647;
			files = (
			);
			runOnlyForDeploymentPostprocessing = 0;
		};
		67CD16E82BB3333D0079E732 /* Resources */ = {
			isa = PBXResourcesBuildPhase;
			buildActionMask = 2147483647;
			files = (
			);
			runOnlyForDeploymentPostprocessing = 0;
		};
/* End PBXResourcesBuildPhase section */

/* Begin PBXSourcesBuildPhase section */
		67CD16C62BB3333C0079E732 /* Sources */ = {
			isa = PBXSourcesBuildPhase;
			buildActionMask = 2147483647;
			files = (
				675518AC2BC2F3630089D0CE /* MZAlertVC.swift in Sources */,
				67CD171C2BB700EC0079E732 /* ChatVC.swift in Sources */,
				675518AA2BC2F1130089D0CE /* MZError.swift in Sources */,
				675518722BBB0CF20089D0CE /* Constants.swift in Sources */,
				67CD16D22BB3333C0079E732 /* MuzzChatVC.swift in Sources */,
				675518AE2BC2F4D30089D0CE /* MZBodyLabel.swift in Sources */,
				6755186D2BBAE5D60089D0CE /* MZInputAccessoryView.swift in Sources */,
				67CD17182BB4A64C0079E732 /* ChatListVC.swift in Sources */,
				6755188E2BC059130089D0CE /* String+Ext.swift in Sources */,
				6755189C2BC1FDA90089D0CE /* MZTextField.swift in Sources */,
				6755188C2BC042700089D0CE /* MZCollectionView.swift in Sources */,
				675518692BB9E3090089D0CE /* MZAlertContainerView.swift in Sources */,
				675518902BC059BA0089D0CE /* Date+Ext.swift in Sources */,
				675518B02BC2F5C80089D0CE /* UIView+Ext.swift in Sources */,
				67CD17062BB344A60079E732 /* MZTitleLabel.swift in Sources */,
				6755189F2BC2062C0089D0CE /* MZDataLoadingVC.swift in Sources */,
				67CD17162BB4A4B30079E732 /* RealmDBManager.swift in Sources */,
				675518982BC1E4A60089D0CE /* MZMessageAnimationLabel.swift in Sources */,
				675518642BB9B0C80089D0CE /* MZMessageCell.swift in Sources */,
				6755185C2BB99DC10089D0CE /* MZTableView.swift in Sources */,
				675518662BB9B6970089D0CE /* MZMessageLabel.swift in Sources */,
				67CD171A2BB6FC820079E732 /* ChatMessage.swift in Sources */,
				675518A22BC2083C0089D0CE /* MZEmptyStateView.swift in Sources */,
				675518942BC05BDF0089D0CE /* ChatVC+Ext.swift in Sources */,
				67CD170E2BB36EB90079E732 /* MZButton.swift in Sources */,
				6755188A2BBEF5480089D0CE /* CollectionView+Ext.swift in Sources */,
				67CD16CE2BB3333C0079E732 /* AppDelegate.swift in Sources */,
				675518842BBECFE70089D0CE /* CollectionHeaderView.swift in Sources */,
				675518962BC1E0940089D0CE /* MZMessageBubbleView.swift in Sources */,
				675518812BBDE2AE0089D0CE /* UIViewController+Ext.swift in Sources */,
				67CD16D02BB3333C0079E732 /* SceneDelegate.swift in Sources */,
			);
			runOnlyForDeploymentPostprocessing = 0;
		};
		67CD16DC2BB3333D0079E732 /* Sources */ = {
			isa = PBXSourcesBuildPhase;
			buildActionMask = 2147483647;
			files = (
				67CD16E52BB3333D0079E732 /* MuzzAppTests.swift in Sources */,
			);
			runOnlyForDeploymentPostprocessing = 0;
		};
		67CD16E62BB3333D0079E732 /* Sources */ = {
			isa = PBXSourcesBuildPhase;
			buildActionMask = 2147483647;
			files = (
				67CD16F12BB3333D0079E732 /* MuzzAppUITestsLaunchTests.swift in Sources */,
				67CD16EF2BB3333D0079E732 /* MuzzAppUITests.swift in Sources */,
			);
			runOnlyForDeploymentPostprocessing = 0;
		};
/* End PBXSourcesBuildPhase section */

/* Begin PBXTargetDependency section */
		67CD16E22BB3333D0079E732 /* PBXTargetDependency */ = {
			isa = PBXTargetDependency;
			target = 67CD16C92BB3333C0079E732 /* MuzzApp */;
			targetProxy = 67CD16E12BB3333D0079E732 /* PBXContainerItemProxy */;
		};
		67CD16EC2BB3333D0079E732 /* PBXTargetDependency */ = {
			isa = PBXTargetDependency;
			target = 67CD16C92BB3333C0079E732 /* MuzzApp */;
			targetProxy = 67CD16EB2BB3333D0079E732 /* PBXContainerItemProxy */;
		};
/* End PBXTargetDependency section */

/* Begin PBXVariantGroup section */
		67CD16D82BB3333D0079E732 /* LaunchScreen.storyboard */ = {
			isa = PBXVariantGroup;
			children = (
				67CD16D92BB3333D0079E732 /* Base */,
			);
			name = LaunchScreen.storyboard;
			sourceTree = "<group>";
		};
/* End PBXVariantGroup section */

/* Begin XCBuildConfiguration section */
		67CD16F22BB3333D0079E732 /* Debug */ = {
			isa = XCBuildConfiguration;
			buildSettings = {
				ALWAYS_SEARCH_USER_PATHS = NO;
				ASSETCATALOG_COMPILER_GENERATE_SWIFT_ASSET_SYMBOL_EXTENSIONS = YES;
				CLANG_ANALYZER_NONNULL = YES;
				CLANG_ANALYZER_NUMBER_OBJECT_CONVERSION = YES_AGGRESSIVE;
				CLANG_CXX_LANGUAGE_STANDARD = "gnu++20";
				CLANG_ENABLE_MODULES = YES;
				CLANG_ENABLE_OBJC_ARC = YES;
				CLANG_ENABLE_OBJC_WEAK = YES;
				CLANG_WARN_BLOCK_CAPTURE_AUTORELEASING = YES;
				CLANG_WARN_BOOL_CONVERSION = YES;
				CLANG_WARN_COMMA = YES;
				CLANG_WARN_CONSTANT_CONVERSION = YES;
				CLANG_WARN_DEPRECATED_OBJC_IMPLEMENTATIONS = YES;
				CLANG_WARN_DIRECT_OBJC_ISA_USAGE = YES_ERROR;
				CLANG_WARN_DOCUMENTATION_COMMENTS = YES;
				CLANG_WARN_EMPTY_BODY = YES;
				CLANG_WARN_ENUM_CONVERSION = YES;
				CLANG_WARN_INFINITE_RECURSION = YES;
				CLANG_WARN_INT_CONVERSION = YES;
				CLANG_WARN_NON_LITERAL_NULL_CONVERSION = YES;
				CLANG_WARN_OBJC_IMPLICIT_RETAIN_SELF = YES;
				CLANG_WARN_OBJC_LITERAL_CONVERSION = YES;
				CLANG_WARN_OBJC_ROOT_CLASS = YES_ERROR;
				CLANG_WARN_QUOTED_INCLUDE_IN_FRAMEWORK_HEADER = YES;
				CLANG_WARN_RANGE_LOOP_ANALYSIS = YES;
				CLANG_WARN_STRICT_PROTOTYPES = YES;
				CLANG_WARN_SUSPICIOUS_MOVE = YES;
				CLANG_WARN_UNGUARDED_AVAILABILITY = YES_AGGRESSIVE;
				CLANG_WARN_UNREACHABLE_CODE = YES;
				CLANG_WARN__DUPLICATE_METHOD_MATCH = YES;
				COPY_PHASE_STRIP = NO;
				DEBUG_INFORMATION_FORMAT = dwarf;
				ENABLE_STRICT_OBJC_MSGSEND = YES;
				ENABLE_TESTABILITY = YES;
				ENABLE_USER_SCRIPT_SANDBOXING = YES;
				GCC_C_LANGUAGE_STANDARD = gnu17;
				GCC_DYNAMIC_NO_PIC = NO;
				GCC_NO_COMMON_BLOCKS = YES;
				GCC_OPTIMIZATION_LEVEL = 0;
				GCC_PREPROCESSOR_DEFINITIONS = (
					"DEBUG=1",
					"$(inherited)",
				);
				GCC_WARN_64_TO_32_BIT_CONVERSION = YES;
				GCC_WARN_ABOUT_RETURN_TYPE = YES_ERROR;
				GCC_WARN_UNDECLARED_SELECTOR = YES;
				GCC_WARN_UNINITIALIZED_AUTOS = YES_AGGRESSIVE;
				GCC_WARN_UNUSED_FUNCTION = YES;
				GCC_WARN_UNUSED_VARIABLE = YES;
				IPHONEOS_DEPLOYMENT_TARGET = 17.4;
				LOCALIZATION_PREFERS_STRING_CATALOGS = YES;
				MTL_ENABLE_DEBUG_INFO = INCLUDE_SOURCE;
				MTL_FAST_MATH = YES;
				ONLY_ACTIVE_ARCH = YES;
				SDKROOT = iphoneos;
				SWIFT_ACTIVE_COMPILATION_CONDITIONS = "DEBUG $(inherited)";
				SWIFT_OPTIMIZATION_LEVEL = "-Onone";
			};
			name = Debug;
		};
		67CD16F32BB3333D0079E732 /* Release */ = {
			isa = XCBuildConfiguration;
			buildSettings = {
				ALWAYS_SEARCH_USER_PATHS = NO;
				ASSETCATALOG_COMPILER_GENERATE_SWIFT_ASSET_SYMBOL_EXTENSIONS = YES;
				CLANG_ANALYZER_NONNULL = YES;
				CLANG_ANALYZER_NUMBER_OBJECT_CONVERSION = YES_AGGRESSIVE;
				CLANG_CXX_LANGUAGE_STANDARD = "gnu++20";
				CLANG_ENABLE_MODULES = YES;
				CLANG_ENABLE_OBJC_ARC = YES;
				CLANG_ENABLE_OBJC_WEAK = YES;
				CLANG_WARN_BLOCK_CAPTURE_AUTORELEASING = YES;
				CLANG_WARN_BOOL_CONVERSION = YES;
				CLANG_WARN_COMMA = YES;
				CLANG_WARN_CONSTANT_CONVERSION = YES;
				CLANG_WARN_DEPRECATED_OBJC_IMPLEMENTATIONS = YES;
				CLANG_WARN_DIRECT_OBJC_ISA_USAGE = YES_ERROR;
				CLANG_WARN_DOCUMENTATION_COMMENTS = YES;
				CLANG_WARN_EMPTY_BODY = YES;
				CLANG_WARN_ENUM_CONVERSION = YES;
				CLANG_WARN_INFINITE_RECURSION = YES;
				CLANG_WARN_INT_CONVERSION = YES;
				CLANG_WARN_NON_LITERAL_NULL_CONVERSION = YES;
				CLANG_WARN_OBJC_IMPLICIT_RETAIN_SELF = YES;
				CLANG_WARN_OBJC_LITERAL_CONVERSION = YES;
				CLANG_WARN_OBJC_ROOT_CLASS = YES_ERROR;
				CLANG_WARN_QUOTED_INCLUDE_IN_FRAMEWORK_HEADER = YES;
				CLANG_WARN_RANGE_LOOP_ANALYSIS = YES;
				CLANG_WARN_STRICT_PROTOTYPES = YES;
				CLANG_WARN_SUSPICIOUS_MOVE = YES;
				CLANG_WARN_UNGUARDED_AVAILABILITY = YES_AGGRESSIVE;
				CLANG_WARN_UNREACHABLE_CODE = YES;
				CLANG_WARN__DUPLICATE_METHOD_MATCH = YES;
				COPY_PHASE_STRIP = NO;
				DEBUG_INFORMATION_FORMAT = "dwarf-with-dsym";
				ENABLE_NS_ASSERTIONS = NO;
				ENABLE_STRICT_OBJC_MSGSEND = YES;
				ENABLE_USER_SCRIPT_SANDBOXING = YES;
				GCC_C_LANGUAGE_STANDARD = gnu17;
				GCC_NO_COMMON_BLOCKS = YES;
				GCC_WARN_64_TO_32_BIT_CONVERSION = YES;
				GCC_WARN_ABOUT_RETURN_TYPE = YES_ERROR;
				GCC_WARN_UNDECLARED_SELECTOR = YES;
				GCC_WARN_UNINITIALIZED_AUTOS = YES_AGGRESSIVE;
				GCC_WARN_UNUSED_FUNCTION = YES;
				GCC_WARN_UNUSED_VARIABLE = YES;
				IPHONEOS_DEPLOYMENT_TARGET = 17.4;
				LOCALIZATION_PREFERS_STRING_CATALOGS = YES;
				MTL_ENABLE_DEBUG_INFO = NO;
				MTL_FAST_MATH = YES;
				SDKROOT = iphoneos;
				SWIFT_COMPILATION_MODE = wholemodule;
				VALIDATE_PRODUCT = YES;
			};
			name = Release;
		};
		67CD16F52BB3333D0079E732 /* Debug */ = {
			isa = XCBuildConfiguration;
			buildSettings = {
				ASSETCATALOG_COMPILER_APPICON_NAME = AppIcon;
				ASSETCATALOG_COMPILER_GLOBAL_ACCENT_COLOR_NAME = AccentColor;
				CODE_SIGN_ENTITLEMENTS = MuzzApp/MuzzApp.entitlements;
				CODE_SIGN_STYLE = Automatic;
				CURRENT_PROJECT_VERSION = 1;
				DEVELOPMENT_TEAM = 68Z27E7S2D;
				GENERATE_INFOPLIST_FILE = YES;
				INFOPLIST_FILE = MuzzApp/Info.plist;
				INFOPLIST_KEY_UIApplicationSupportsIndirectInputEvents = YES;
				INFOPLIST_KEY_UILaunchStoryboardName = LaunchScreen;
				INFOPLIST_KEY_UISupportedInterfaceOrientations_iPad = "UIInterfaceOrientationPortrait UIInterfaceOrientationPortraitUpsideDown UIInterfaceOrientationLandscapeLeft UIInterfaceOrientationLandscapeRight";
				INFOPLIST_KEY_UISupportedInterfaceOrientations_iPhone = "UIInterfaceOrientationPortrait UIInterfaceOrientationLandscapeLeft UIInterfaceOrientationLandscapeRight";
				IPHONEOS_DEPLOYMENT_TARGET = 17.0;
				LD_RUNPATH_SEARCH_PATHS = (
					"$(inherited)",
					"@executable_path/Frameworks",
				);
				MARKETING_VERSION = 1.0;
				PRODUCT_BUNDLE_IDENTIFIER = com.MuzzApp;
				PRODUCT_NAME = "$(TARGET_NAME)";
				SWIFT_EMIT_LOC_STRINGS = YES;
				SWIFT_VERSION = 5.0;
				TARGETED_DEVICE_FAMILY = "1,2";
			};
			name = Debug;
		};
		67CD16F62BB3333D0079E732 /* Release */ = {
			isa = XCBuildConfiguration;
			buildSettings = {
				ASSETCATALOG_COMPILER_APPICON_NAME = AppIcon;
				ASSETCATALOG_COMPILER_GLOBAL_ACCENT_COLOR_NAME = AccentColor;
				CODE_SIGN_ENTITLEMENTS = MuzzApp/MuzzApp.entitlements;
				CODE_SIGN_STYLE = Automatic;
				CURRENT_PROJECT_VERSION = 1;
				DEVELOPMENT_TEAM = 68Z27E7S2D;
				GENERATE_INFOPLIST_FILE = YES;
				INFOPLIST_FILE = MuzzApp/Info.plist;
				INFOPLIST_KEY_UIApplicationSupportsIndirectInputEvents = YES;
				INFOPLIST_KEY_UILaunchStoryboardName = LaunchScreen;
				INFOPLIST_KEY_UISupportedInterfaceOrientations_iPad = "UIInterfaceOrientationPortrait UIInterfaceOrientationPortraitUpsideDown UIInterfaceOrientationLandscapeLeft UIInterfaceOrientationLandscapeRight";
				INFOPLIST_KEY_UISupportedInterfaceOrientations_iPhone = "UIInterfaceOrientationPortrait UIInterfaceOrientationLandscapeLeft UIInterfaceOrientationLandscapeRight";
				IPHONEOS_DEPLOYMENT_TARGET = 17.0;
				LD_RUNPATH_SEARCH_PATHS = (
					"$(inherited)",
					"@executable_path/Frameworks",
				);
				MARKETING_VERSION = 1.0;
				PRODUCT_BUNDLE_IDENTIFIER = com.MuzzApp;
				PRODUCT_NAME = "$(TARGET_NAME)";
				SWIFT_EMIT_LOC_STRINGS = YES;
				SWIFT_VERSION = 5.0;
				TARGETED_DEVICE_FAMILY = "1,2";
			};
			name = Release;
		};
		67CD16F82BB3333D0079E732 /* Debug */ = {
			isa = XCBuildConfiguration;
			buildSettings = {
				ALWAYS_EMBED_SWIFT_STANDARD_LIBRARIES = YES;
				BUNDLE_LOADER = "$(TEST_HOST)";
				CODE_SIGN_STYLE = Automatic;
				CURRENT_PROJECT_VERSION = 1;
				DEVELOPMENT_TEAM = 68Z27E7S2D;
				GENERATE_INFOPLIST_FILE = YES;
				IPHONEOS_DEPLOYMENT_TARGET = 17.4;
				MARKETING_VERSION = 1.0;
				PRODUCT_BUNDLE_IDENTIFIER = com.MuzzAppTests;
				PRODUCT_NAME = "$(TARGET_NAME)";
				SWIFT_EMIT_LOC_STRINGS = NO;
				SWIFT_VERSION = 5.0;
				TARGETED_DEVICE_FAMILY = "1,2";
				TEST_HOST = "$(BUILT_PRODUCTS_DIR)/MuzzApp.app/$(BUNDLE_EXECUTABLE_FOLDER_PATH)/MuzzApp";
			};
			name = Debug;
		};
		67CD16F92BB3333D0079E732 /* Release */ = {
			isa = XCBuildConfiguration;
			buildSettings = {
				ALWAYS_EMBED_SWIFT_STANDARD_LIBRARIES = YES;
				BUNDLE_LOADER = "$(TEST_HOST)";
				CODE_SIGN_STYLE = Automatic;
				CURRENT_PROJECT_VERSION = 1;
				DEVELOPMENT_TEAM = 68Z27E7S2D;
				GENERATE_INFOPLIST_FILE = YES;
				IPHONEOS_DEPLOYMENT_TARGET = 17.4;
				MARKETING_VERSION = 1.0;
				PRODUCT_BUNDLE_IDENTIFIER = com.MuzzAppTests;
				PRODUCT_NAME = "$(TARGET_NAME)";
				SWIFT_EMIT_LOC_STRINGS = NO;
				SWIFT_VERSION = 5.0;
				TARGETED_DEVICE_FAMILY = "1,2";
				TEST_HOST = "$(BUILT_PRODUCTS_DIR)/MuzzApp.app/$(BUNDLE_EXECUTABLE_FOLDER_PATH)/MuzzApp";
			};
			name = Release;
		};
		67CD16FB2BB3333D0079E732 /* Debug */ = {
			isa = XCBuildConfiguration;
			buildSettings = {
				ALWAYS_EMBED_SWIFT_STANDARD_LIBRARIES = YES;
				CODE_SIGN_STYLE = Automatic;
				CURRENT_PROJECT_VERSION = 1;
				DEVELOPMENT_TEAM = 68Z27E7S2D;
				GENERATE_INFOPLIST_FILE = YES;
				MARKETING_VERSION = 1.0;
				PRODUCT_BUNDLE_IDENTIFIER = com.MuzzAppUITests;
				PRODUCT_NAME = "$(TARGET_NAME)";
				SWIFT_EMIT_LOC_STRINGS = NO;
				SWIFT_VERSION = 5.0;
				TARGETED_DEVICE_FAMILY = "1,2";
				TEST_TARGET_NAME = MuzzApp;
			};
			name = Debug;
		};
		67CD16FC2BB3333D0079E732 /* Release */ = {
			isa = XCBuildConfiguration;
			buildSettings = {
				ALWAYS_EMBED_SWIFT_STANDARD_LIBRARIES = YES;
				CODE_SIGN_STYLE = Automatic;
				CURRENT_PROJECT_VERSION = 1;
				DEVELOPMENT_TEAM = 68Z27E7S2D;
				GENERATE_INFOPLIST_FILE = YES;
				MARKETING_VERSION = 1.0;
				PRODUCT_BUNDLE_IDENTIFIER = com.MuzzAppUITests;
				PRODUCT_NAME = "$(TARGET_NAME)";
				SWIFT_EMIT_LOC_STRINGS = NO;
				SWIFT_VERSION = 5.0;
				TARGETED_DEVICE_FAMILY = "1,2";
				TEST_TARGET_NAME = MuzzApp;
			};
			name = Release;
		};
/* End XCBuildConfiguration section */

/* Begin XCConfigurationList section */
		67CD16C52BB3333C0079E732 /* Build configuration list for PBXProject "MuzzApp" */ = {
			isa = XCConfigurationList;
			buildConfigurations = (
				67CD16F22BB3333D0079E732 /* Debug */,
				67CD16F32BB3333D0079E732 /* Release */,
			);
			defaultConfigurationIsVisible = 0;
			defaultConfigurationName = Release;
		};
		67CD16F42BB3333D0079E732 /* Build configuration list for PBXNativeTarget "MuzzApp" */ = {
			isa = XCConfigurationList;
			buildConfigurations = (
				67CD16F52BB3333D0079E732 /* Debug */,
				67CD16F62BB3333D0079E732 /* Release */,
			);
			defaultConfigurationIsVisible = 0;
			defaultConfigurationName = Release;
		};
		67CD16F72BB3333D0079E732 /* Build configuration list for PBXNativeTarget "MuzzAppTests" */ = {
			isa = XCConfigurationList;
			buildConfigurations = (
				67CD16F82BB3333D0079E732 /* Debug */,
				67CD16F92BB3333D0079E732 /* Release */,
			);
			defaultConfigurationIsVisible = 0;
			defaultConfigurationName = Release;
		};
		67CD16FA2BB3333D0079E732 /* Build configuration list for PBXNativeTarget "MuzzAppUITests" */ = {
			isa = XCConfigurationList;
			buildConfigurations = (
				67CD16FB2BB3333D0079E732 /* Debug */,
				67CD16FC2BB3333D0079E732 /* Release */,
			);
			defaultConfigurationIsVisible = 0;
			defaultConfigurationName = Release;
		};
/* End XCConfigurationList section */

/* Begin XCRemoteSwiftPackageReference section */
		6703099F2BB77A0700AF49F2 /* XCRemoteSwiftPackageReference "realm-swift" */ = {
			isa = XCRemoteSwiftPackageReference;
			repositoryURL = "https://github.com/realm/realm-swift.git";
			requirement = {
				branch = master;
				kind = branch;
			};
		};
		6755187B2BBD786A0089D0CE /* XCRemoteSwiftPackageReference "InputBarAccessoryView" */ = {
			isa = XCRemoteSwiftPackageReference;
			repositoryURL = "https://github.com/nathantannar4/InputBarAccessoryView?tab=readme-ov-file";
			requirement = {
				kind = upToNextMajorVersion;
				minimumVersion = 6.3.0;
			};
		};
/* End XCRemoteSwiftPackageReference section */

/* Begin XCSwiftPackageProductDependency section */
		670309A02BB77A0700AF49F2 /* Realm */ = {
			isa = XCSwiftPackageProductDependency;
			package = 6703099F2BB77A0700AF49F2 /* XCRemoteSwiftPackageReference "realm-swift" */;
			productName = Realm;
		};
		670309A22BB77A0700AF49F2 /* RealmSwift */ = {
			isa = XCSwiftPackageProductDependency;
			package = 6703099F2BB77A0700AF49F2 /* XCRemoteSwiftPackageReference "realm-swift" */;
			productName = RealmSwift;
		};
		6755187C2BBD786A0089D0CE /* InputBarAccessoryView */ = {
			isa = XCSwiftPackageProductDependency;
			package = 6755187B2BBD786A0089D0CE /* XCRemoteSwiftPackageReference "InputBarAccessoryView" */;
			productName = InputBarAccessoryView;
		};
/* End XCSwiftPackageProductDependency section */
	};
	rootObject = 67CD16C22BB3333C0079E732 /* Project object */;
}
